
Microsoft Visual Studio Solution File, Format Version 12.00
# Visual Studio 15
VisualStudioVersion = 15.0.28010.2036
MinimumVisualStudioVersion = 10.0.40219.1
Project("{FAE04EC0-301F-11D3-BF4B-00C04F79EFBC}") = "Tic_Norling_Katarina", "Tic_Norling_Katarina\Tic_Norling_Katarina.csproj", "{08369F2A-6DA0-423B-89F6-B07FEFD1CE26}"
EndProject
Global
	GlobalSection(SolutionConfigurationPlatforms) = preSolution
		Debug|Any CPU = Debug|Any CPU
		Release|Any CPU = Release|Any CPU
	EndGlobalSection
	GlobalSection(ProjectConfigurationPlatforms) = postSolution
		{08369F2A-6DA0-423B-89F6-B07FEFD1CE26}.Debug|Any CPU.ActiveCfg = Debug|Any CPU
		{08369F2A-6DA0-423B-89F6-B07FEFD1CE26}.Debug|Any CPU.Build.0 = Debug|Any CPU
		{08369F2A-6DA0-423B-89F6-B07FEFD1CE26}.Release|Any CPU.ActiveCfg = Release|Any CPU
		{08369F2A-6DA0-423B-89F6-B07FEFD1CE26}.Release|Any CPU.Build.0 = Release|Any CPU
	EndGlobalSection
	GlobalSection(SolutionProperties) = preSolution
		HideSolutionNode = FALSE
	EndGlobalSection
	GlobalSection(ExtensibilityGlobals) = postSolution
		SolutionGuid = {4383022C-7C79-452F-85A3-3CFD9A33E3EA}
	EndGlobalSection
EndGlobal
